
Microsoft Visual Studio Solution File, Format Version 12.00
# Visual Studio Version 17
VisualStudioVersion = 17.7.34221.43
MinimumVisualStudioVersion = 10.0.40219.1
Project("{FAE04EC0-301F-11D3-BF4B-00C04F79EFBC}") = "ManageBook", "ManageBook\ManageBook.csproj", "{68E9B47E-9CAC-4EDB-800D-27EDE86A5658}"
EndProject
Global
	GlobalSection(SolutionConfigurationPlatforms) = preSolution
		Debug|Any CPU = Debug|Any CPU
		Release|Any CPU = Release|Any CPU
	EndGlobalSection
	GlobalSection(ProjectConfigurationPlatforms) = postSolution
		{68E9B47E-9CAC-4EDB-800D-27EDE86A5658}.Debug|Any CPU.ActiveCfg = Debug|Any CPU
		{68E9B47E-9CAC-4EDB-800D-27EDE86A5658}.Debug|Any CPU.Build.0 = Debug|Any CPU
		{68E9B47E-9CAC-4EDB-800D-27EDE86A5658}.Release|Any CPU.ActiveCfg = Release|Any CPU
		{68E9B47E-9CAC-4EDB-800D-27EDE86A5658}.Release|Any CPU.Build.0 = Release|Any CPU
	EndGlobalSection
	GlobalSection(SolutionProperties) = preSolution
		HideSolutionNode = FALSE
	EndGlobalSection
	GlobalSection(ExtensibilityGlobals) = postSolution
		SolutionGuid = {544B942C-B06C-4667-A70D-9C32D9D238F0}
	EndGlobalSection
EndGlobal
